
Microsoft Visual Studio Solution File, Format Version 12.00
# Visual Studio Version 17
VisualStudioVersion = 17.2.32519.379
MinimumVisualStudioVersion = 10.0.40219.1
Project("{FAE04EC0-301F-11D3-BF4B-00C04F79EFBC}") = "BackgroundJobsHangfireInDotNet6", "BackgroundJobsHangfireInDotNet6\BackgroundJobsHangfireInDotNet6.csproj", "{6BBA722D-B646-4999-A665-BDC4A3BEBEC0}"
EndProject
Global
	GlobalSection(SolutionConfigurationPlatforms) = preSolution
		Debug|Any CPU = Debug|Any CPU
		Release|Any CPU = Release|Any CPU
	EndGlobalSection
	GlobalSection(ProjectConfigurationPlatforms) = postSolution
		{6BBA722D-B646-4999-A665-BDC4A3BEBEC0}.Debug|Any CPU.ActiveCfg = Debug|Any CPU
		{6BBA722D-B646-4999-A665-BDC4A3BEBEC0}.Debug|Any CPU.Build.0 = Debug|Any CPU
		{6BBA722D-B646-4999-A665-BDC4A3BEBEC0}.Release|Any CPU.ActiveCfg = Release|Any CPU
		{6BBA722D-B646-4999-A665-BDC4A3BEBEC0}.Release|Any CPU.Build.0 = Release|Any CPU
	EndGlobalSection
	GlobalSection(SolutionProperties) = preSolution
		HideSolutionNode = FALSE
	EndGlobalSection
	GlobalSection(ExtensibilityGlobals) = postSolution
		SolutionGuid = {5E2C984A-1CED-42FC-A8FD-F2AC98EA4F5D}
	EndGlobalSection
EndGlobal
